
Microsoft Visual Studio Solution File, Format Version 12.00
# Visual Studio Version 16
VisualStudioVersion = 16.0.31321.278
MinimumVisualStudioVersion = 10.0.40219.1
Project("{FAE04EC0-301F-11D3-BF4B-00C04F79EFBC}") = "demoproject1", "demoproject1\demoproject1.csproj", "{DD7E4D9F-2963-4086-A34B-08605CFBC78B}"
EndProject
Global
	GlobalSection(SolutionConfigurationPlatforms) = preSolution
		Debug|Any CPU = Debug|Any CPU
		Release|Any CPU = Release|Any CPU
	EndGlobalSection
	GlobalSection(ProjectConfigurationPlatforms) = postSolution
		{DD7E4D9F-2963-4086-A34B-08605CFBC78B}.Debug|Any CPU.ActiveCfg = Debug|Any CPU
		{DD7E4D9F-2963-4086-A34B-08605CFBC78B}.Debug|Any CPU.Build.0 = Debug|Any CPU
		{DD7E4D9F-2963-4086-A34B-08605CFBC78B}.Release|Any CPU.ActiveCfg = Release|Any CPU
		{DD7E4D9F-2963-4086-A34B-08605CFBC78B}.Release|Any CPU.Build.0 = Release|Any CPU
	EndGlobalSection
	GlobalSection(SolutionProperties) = preSolution
		HideSolutionNode = FALSE
	EndGlobalSection
	GlobalSection(ExtensibilityGlobals) = postSolution
		SolutionGuid = {5B540E9F-A22B-4655-B43C-29999B501806}
	EndGlobalSection
EndGlobal
